# This file is automatically @generated by Cargo.
# It is not intended for manual editing.
version = 3

[[package]]
name = "heed-zerodb"
version = "0.0.1"

[[package]]
name = "zerodb"
version = "0.0.1"

[[package]]
name = "zerodb-core"
version = "0.0.1"

[[package]]
name = "zerodb-io"
version = "0.0.1"

[[package]]
name = "zerodb-oracle"
version = "0.0.1"

[[package]]
name = "zerodb-tools"
version = "0.0.1"
